
Microsoft Visual Studio Solution File, Format Version 12.00
# Visual Studio Version 17
VisualStudioVersion = 17.14.36414.22 d17.14
MinimumVisualStudioVersion = 10.0.40219.1
Project("{FAE04EC0-301F-11D3-BF4B-00C04F79EFBC}") = "DataBindingSample", "DataBindingSample\DataBindingSample.csproj", "{3D0AC664-3445-4989-B459-84432779EE7C}"
EndProject
Global
	GlobalSection(SolutionConfigurationPlatforms) = preSolution
		Debug|ARM64 = Debug|ARM64
		Debug|x64 = Debug|x64
		Debug|x86 = Debug|x86
		Release|ARM64 = Release|ARM64
		Release|x64 = Release|x64
		Release|x86 = Release|x86
	EndGlobalSection
	GlobalSection(ProjectConfigurationPlatforms) = postSolution
		{3D0AC664-3445-4989-B459-84432779EE7C}.Debug|ARM64.ActiveCfg = Debug|ARM64
		{3D0AC664-3445-4989-B459-84432779EE7C}.Debug|ARM64.Build.0 = Debug|ARM64
		{3D0AC664-3445-4989-B459-84432779EE7C}.Debug|ARM64.Deploy.0 = Debug|ARM64
		{3D0AC664-3445-4989-B459-84432779EE7C}.Debug|x64.ActiveCfg = Debug|x64
		{3D0AC664-3445-4989-B459-84432779EE7C}.Debug|x64.Build.0 = Debug|x64
		{3D0AC664-3445-4989-B459-84432779EE7C}.Debug|x64.Deploy.0 = Debug|x64
		{3D0AC664-3445-4989-B459-84432779EE7C}.Debug|x86.ActiveCfg = Debug|x86
		{3D0AC664-3445-4989-B459-84432779EE7C}.Debug|x86.Build.0 = Debug|x86
		{3D0AC664-3445-4989-B459-84432779EE7C}.Debug|x86.Deploy.0 = Debug|x86
		{3D0AC664-3445-4989-B459-84432779EE7C}.Release|ARM64.ActiveCfg = Release|ARM64
		{3D0AC664-3445-4989-B459-84432779EE7C}.Release|ARM64.Build.0 = Release|ARM64
		{3D0AC664-3445-4989-B459-84432779EE7C}.Release|ARM64.Deploy.0 = Release|ARM64
		{3D0AC664-3445-4989-B459-84432779EE7C}.Release|x64.ActiveCfg = Release|x64
		{3D0AC664-3445-4989-B459-84432779EE7C}.Release|x64.Build.0 = Release|x64
		{3D0AC664-3445-4989-B459-84432779EE7C}.Release|x64.Deploy.0 = Release|x64
		{3D0AC664-3445-4989-B459-84432779EE7C}.Release|x86.ActiveCfg = Release|x86
		{3D0AC664-3445-4989-B459-84432779EE7C}.Release|x86.Build.0 = Release|x86
		{3D0AC664-3445-4989-B459-84432779EE7C}.Release|x86.Deploy.0 = Release|x86
	EndGlobalSection
	GlobalSection(SolutionProperties) = preSolution
		HideSolutionNode = FALSE
	EndGlobalSection
	GlobalSection(ExtensibilityGlobals) = postSolution
		SolutionGuid = {3D31861F-35EE-48EC-A907-45AF2DBE207D}
	EndGlobalSection
EndGlobal
